PODS:
  - MaterialComponents/AnimationTiming (92.0.0)
  - MaterialComponents/Buttons (92.0.0):
    - MaterialComponents/Elevation
    - MaterialComponents/Ink
    - MaterialComponents/private/Math
    - MaterialComponents/Ripple
    - MaterialComponents/ShadowElevations
    - MaterialComponents/ShadowLayer
    - MaterialComponents/Shapes
    - MaterialComponents/Typography
    - MDFInternationalization
    - MDFTextAccessibility
  - MaterialComponents/Elevation (92.0.0):
    - MaterialComponents/private/Color
    - MaterialComponents/private/Math
  - MaterialComponents/Ink (92.0.0):
    - MaterialComponents/private/Color
    - MaterialComponents/private/Math
  - MaterialComponents/private/Application (92.0.0)
  - MaterialComponents/private/Color (92.0.0)
  - MaterialComponents/private/Math (92.0.0)
  - MaterialComponents/Ripple (92.0.0):
    - MaterialComponents/AnimationTiming
    - MaterialComponents/private/Color
    - MaterialComponents/private/Math
  - MaterialComponents/ShadowElevations (92.0.0)
  - MaterialComponents/ShadowLayer (92.0.0):
    - MaterialComponents/ShadowElevations
  - MaterialComponents/Shapes (92.0.0):
    - MaterialComponents/private/Color
    - MaterialComponents/private/Math
    - MaterialComponents/ShadowLayer
  - MaterialComponents/Typography (92.0.0):
    - MaterialComponents/private/Application
    - MaterialComponents/private/Math
  - MDFInternationalization (2.0.0)
  - MDFTextAccessibility (2.0.0)
  - zhaohu-sdk-ios (0.0.1)

DEPENDENCIES:
  - MaterialComponents/Buttons
  - zhaohu-sdk-ios (from `./`)

SPEC REPOS:
  trunk:
    - MaterialComponents
    - MDFInternationalization
    - MDFTextAccessibility

EXTERNAL SOURCES:
  zhaohu-sdk-ios:
    :path: "./"

SPEC CHECKSUMS:
  MaterialComponents: 0fccf7f7e232145c164dc60da6fdefd011e9bf28
  MDFInternationalization: 010097556d6b09d2c4ea38e0820ea6d37be6a314
  MDFTextAccessibility: 85c09a1bd9c321f494348e632a25063bcda35a53
  zhaohu-sdk-ios: 5c368633d33f7bf038d1c6ea65a83e40bdc6c4d0

PODFILE CHECKSUM: ac1f892cdb5a3171a0332ea0d5537d1a48763745

COCOAPODS: 1.8.0.beta.2
