PODS:
  - MaterialComponents/AnimationTiming (88.0.1)
  - MaterialComponents/Buttons (88.0.1):
    - MaterialComponents/Elevation
    - MaterialComponents/Ink
    - MaterialComponents/private/Math
    - MaterialComponents/Ripple
    - MaterialComponents/ShadowElevations
    - MaterialComponents/ShadowLayer
    - MaterialComponents/Shapes
    - MaterialComponents/Typography
    - MDFInternationalization
    - MDFTextAccessibility
  - MaterialComponents/Elevation (88.0.1):
    - MaterialComponents/private/Color
    - MaterialComponents/private/Math
  - MaterialComponents/Ink (88.0.1):
    - MaterialComponents/private/Color
    - MaterialComponents/private/Math
  - MaterialComponents/private/Application (88.0.1)
  - MaterialComponents/private/Color (88.0.1)
  - MaterialComponents/private/Math (88.0.1)
  - MaterialComponents/Ripple (88.0.1):
    - MaterialComponents/AnimationTiming
    - MaterialComponents/private/Color
    - MaterialComponents/private/Math
  - MaterialComponents/ShadowElevations (88.0.1)
  - MaterialComponents/ShadowLayer (88.0.1):
    - MaterialComponents/ShadowElevations
  - MaterialComponents/Shapes (88.0.1):
    - MaterialComponents/private/Color
    - MaterialComponents/private/Math
    - MaterialComponents/ShadowLayer
  - MaterialComponents/Typography (88.0.1):
    - MaterialComponents/private/Application
    - MaterialComponents/private/Math
  - MDFInternationalization (2.0.0)
  - MDFTextAccessibility (2.0.0)
  - zhaohu-sdk-ios (0.0.1)

DEPENDENCIES:
  - MaterialComponents/Buttons
  - zhaohu-sdk-ios (from `./`)

SPEC REPOS:
  trunk:
    - MaterialComponents
    - MDFInternationalization
    - MDFTextAccessibility

EXTERNAL SOURCES:
  zhaohu-sdk-ios:
    :path: "./"

SPEC CHECKSUMS:
  MaterialComponents: e98245f7a1a9802fe442fa4d1f3acbb727ece9ec
  MDFInternationalization: 010097556d6b09d2c4ea38e0820ea6d37be6a314
  MDFTextAccessibility: 85c09a1bd9c321f494348e632a25063bcda35a53
  zhaohu-sdk-ios: 4c76053f6c26a21c98122e538739482ea25017a6

PODFILE CHECKSUM: 6dd659470cb024cbdd5498ca783f3a72c90f868e

COCOAPODS: 1.8.0.beta.2
